// !$*UTF8*$!
{
	archiveVersion = 1;
	classes = {
	};
	objectVersion = 55;
	objects = {

/* Begin PBXBuildFile section */
		6AE68F2D27B7A166008A20DF /* AppDelegate.swift in Sources */ = {isa = PBXBuildFile; fileRef = 6AE68F2C27B7A166008A20DF /* AppDelegate.swift */; };
		6AE68F2F27B7A166008A20DF /* SceneDelegate.swift in Sources */ = {isa = PBXBuildFile; fileRef = 6AE68F2E27B7A166008A20DF /* SceneDelegate.swift */; };
		6AE68F3427B7A166008A20DF /* Main.storyboard in Resources */ = {isa = PBXBuildFile; fileRef = 6AE68F3227B7A166008A20DF /* Main.storyboard */; };
		6AE68F3627B7A167008A20DF /* Assets.xcassets in Resources */ = {isa = PBXBuildFile; fileRef = 6AE68F3527B7A167008A20DF /* Assets.xcassets */; };
		6AE68F3927B7A167008A20DF /* LaunchScreen.storyboard in Resources */ = {isa = PBXBuildFile; fileRef = 6AE68F3727B7A167008A20DF /* LaunchScreen.storyboard */; };
		6AE68F4727B7A659008A20DF /* ConversationViewController.swift in Sources */ = {isa = PBXBuildFile; fileRef = 6AE68F4627B7A659008A20DF /* ConversationViewController.swift */; };
		6AE68F4927B7A724008A20DF /* LoginViewController.swift in Sources */ = {isa = PBXBuildFile; fileRef = 6AE68F4827B7A724008A20DF /* LoginViewController.swift */; };
		6AE68F4B27B7A737008A20DF /* RegisterViewController.swift in Sources */ = {isa = PBXBuildFile; fileRef = 6AE68F4A27B7A737008A20DF /* RegisterViewController.swift */; };
		6AE68F4D27B7A760008A20DF /* PhotoViewerViewController.swift in Sources */ = {isa = PBXBuildFile; fileRef = 6AE68F4C27B7A760008A20DF /* PhotoViewerViewController.swift */; };
		6AE68F4F27B7A777008A20DF /* VideoPlayerViewController.swift in Sources */ = {isa = PBXBuildFile; fileRef = 6AE68F4E27B7A777008A20DF /* VideoPlayerViewController.swift */; };
		6AE68F5127B7A7AF008A20DF /* NewConversationViewController.swift in Sources */ = {isa = PBXBuildFile; fileRef = 6AE68F5027B7A7AF008A20DF /* NewConversationViewController.swift */; };
		6AE68F5327B7A7EB008A20DF /* ProfileViewController.swift in Sources */ = {isa = PBXBuildFile; fileRef = 6AE68F5227B7A7EB008A20DF /* ProfileViewController.swift */; };
/* End PBXBuildFile section */

/* Begin PBXFileReference section */
		6AE68F2927B7A166008A20DF /* ChatApp.app */ = {isa = PBXFileReference; explicitFileType = wrapper.application; includeInIndex = 0; path = ChatApp.app; sourceTree = BUILT_PRODUCTS_DIR; };
		6AE68F2C27B7A166008A20DF /* AppDelegate.swift */ = {isa = PBXFileReference; lastKnownFileType = sourcecode.swift; path = AppDelegate.swift; sourceTree = "<group>"; };
		6AE68F2E27B7A166008A20DF /* SceneDelegate.swift */ = {isa = PBXFileReference; lastKnownFileType = sourcecode.swift; path = SceneDelegate.swift; sourceTree = "<group>"; };
		6AE68F3327B7A166008A20DF /* Base */ = {isa = PBXFileReference; lastKnownFileType = file.storyboard; name = Base; path = Base.lproj/Main.storyboard; sourceTree = "<group>"; };
		6AE68F3527B7A167008A20DF /* Assets.xcassets */ = {isa = PBXFileReference; lastKnownFileType = folder.assetcatalog; path = Assets.xcassets; sourceTree = "<group>"; };
		6AE68F3827B7A167008A20DF /* Base */ = {isa = PBXFileReference; lastKnownFileType = file.storyboard; name = Base; path = Base.lproj/LaunchScreen.storyboard; sourceTree = "<group>"; };
		6AE68F3A27B7A167008A20DF /* Info.plist */ = {isa = PBXFileReference; lastKnownFileType = text.plist.xml; path = Info.plist; sourceTree = "<group>"; };
		6AE68F4627B7A659008A20DF /* ConversationViewController.swift */ = {isa = PBXFileReference; lastKnownFileType = sourcecode.swift; path = ConversationViewController.swift; sourceTree = "<group>"; };
		6AE68F4827B7A724008A20DF /* LoginViewController.swift */ = {isa = PBXFileReference; lastKnownFileType = sourcecode.swift; path = LoginViewController.swift; sourceTree = "<group>"; };
		6AE68F4A27B7A737008A20DF /* RegisterViewController.swift */ = {isa = PBXFileReference; lastKnownFileType = sourcecode.swift; path = RegisterViewController.swift; sourceTree = "<group>"; };
		6AE68F4C27B7A760008A20DF /* PhotoViewerViewController.swift */ = {isa = PBXFileReference; lastKnownFileType = sourcecode.swift; path = PhotoViewerViewController.swift; sourceTree = "<group>"; };
		6AE68F4E27B7A777008A20DF /* VideoPlayerViewController.swift */ = {isa = PBXFileReference; lastKnownFileType = sourcecode.swift; path = VideoPlayerViewController.swift; sourceTree = "<group>"; };
		6AE68F5027B7A7AF008A20DF /* NewConversationViewController.swift */ = {isa = PBXFileReference; lastKnownFileType = sourcecode.swift; path = NewConversationViewController.swift; sourceTree = "<group>"; };
		6AE68F5227B7A7EB008A20DF /* ProfileViewController.swift */ = {isa = PBXFileReference; lastKnownFileType = sourcecode.swift; path = ProfileViewController.swift; sourceTree = "<group>"; };
/* End PBXFileReference section */

/* Begin PBXFrameworksBuildPhase section */
		6AE68F2627B7A166008A20DF /* Frameworks */ = {
			isa = PBXFrameworksBuildPhase;
			buildActionMask = 2147483647;
			files = (
			);
			runOnlyForDeploymentPostprocessing = 0;
		};
/* End PBXFrameworksBuildPhase section */

/* Begin PBXGroup section */
		6AE68F2027B7A166008A20DF = {
			isa = PBXGroup;
			children = (
				6AE68F2B27B7A166008A20DF /* ChatApp */,
				6AE68F2A27B7A166008A20DF /* Products */,
			);
			sourceTree = "<group>";
		};
		6AE68F2A27B7A166008A20DF /* Products */ = {
			isa = PBXGroup;
			children = (
				6AE68F2927B7A166008A20DF /* ChatApp.app */,
			);
			name = Products;
			sourceTree = "<group>";
		};
		6AE68F2B27B7A166008A20DF /* ChatApp */ = {
			isa = PBXGroup;
			children = (
				6AE68F4427B7A5B1008A20DF /* Resources */,
				6AE68F4327B7A5A7008A20DF /* ViewModels */,
				6AE68F4227B7A59F008A20DF /* Models */,
				6AE68F4127B7A590008A20DF /* Views */,
				6AE68F4027B7A588008A20DF /* Controllers */,
				6AE68F3A27B7A167008A20DF /* Info.plist */,
			);
			path = ChatApp;
			sourceTree = "<group>";
		};
		6AE68F4027B7A588008A20DF /* Controllers */ = {
			isa = PBXGroup;
			children = (
				6AE68F4627B7A659008A20DF /* ConversationViewController.swift */,
				6AE68F4827B7A724008A20DF /* LoginViewController.swift */,
				6AE68F4A27B7A737008A20DF /* RegisterViewController.swift */,
				6AE68F4C27B7A760008A20DF /* PhotoViewerViewController.swift */,
				6AE68F4E27B7A777008A20DF /* VideoPlayerViewController.swift */,
				6AE68F5027B7A7AF008A20DF /* NewConversationViewController.swift */,
				6AE68F5227B7A7EB008A20DF /* ProfileViewController.swift */,
			);
			path = Controllers;
			sourceTree = "<group>";
		};
		6AE68F4127B7A590008A20DF /* Views */ = {
			isa = PBXGroup;
			children = (
				6AE68F4527B7A5F2008A20DF /* Storyboards */,
				6AE68F3527B7A167008A20DF /* Assets.xcassets */,
			);
			path = Views;
			sourceTree = "<group>";
		};
		6AE68F4227B7A59F008A20DF /* Models */ = {
			isa = PBXGroup;
			children = (
			);
			path = Models;
			sourceTree = "<group>";
		};
		6AE68F4327B7A5A7008A20DF /* ViewModels */ = {
			isa = PBXGroup;
			children = (
			);
			path = ViewModels;
			sourceTree = "<group>";
		};
		6AE68F4427B7A5B1008A20DF /* Resources */ = {
			isa = PBXGroup;
			children = (
				6AE68F2C27B7A166008A20DF /* AppDelegate.swift */,
				6AE68F2E27B7A166008A20DF /* SceneDelegate.swift */,
			);
			path = Resources;
			sourceTree = "<group>";
		};
		6AE68F4527B7A5F2008A20DF /* Storyboards */ = {
			isa = PBXGroup;
			children = (
				6AE68F3227B7A166008A20DF /* Main.storyboard */,
				6AE68F3727B7A167008A20DF /* LaunchScreen.storyboard */,
			);
			path = Storyboards;
			sourceTree = "<group>";
		};
/* End PBXGroup section */

/* Begin PBXNativeTarget section */
		6AE68F2827B7A166008A20DF /* ChatApp */ = {
			isa = PBXNativeTarget;
			buildConfigurationList = 6AE68F3D27B7A167008A20DF /* Build configuration list for PBXNativeTarget "ChatApp" */;
			buildPhases = (
				6AE68F2527B7A166008A20DF /* Sources */,
				6AE68F2627B7A166008A20DF /* Frameworks */,
				6AE68F2727B7A166008A20DF /* Resources */,
			);
			buildRules = (
			);
			dependencies = (
			);
			name = ChatApp;
			productName = ChatApp;
			productReference = 6AE68F2927B7A166008A20DF /* ChatApp.app */;
			productType = "com.apple.product-type.application";
		};
/* End PBXNativeTarget section */

/* Begin PBXProject section */
		6AE68F2127B7A166008A20DF /* Project object */ = {
			isa = PBXProject;
			attributes = {
				BuildIndependentTargetsInParallel = 1;
				LastSwiftUpdateCheck = 1320;
				LastUpgradeCheck = 1320;
				TargetAttributes = {
					6AE68F2827B7A166008A20DF = {
						CreatedOnToolsVersion = 13.2.1;
					};
				};
			};
			buildConfigurationList = 6AE68F2427B7A166008A20DF /* Build configuration list for PBXProject "ChatApp" */;
			compatibilityVersion = "Xcode 13.0";
			developmentRegion = en;
			hasScannedForEncodings = 0;
			knownRegions = (
				en,
				Base,
			);
			mainGroup = 6AE68F2027B7A166008A20DF;
			productRefGroup = 6AE68F2A27B7A166008A20DF /* Products */;
			projectDirPath = "";
			projectRoot = "";
			targets = (
				6AE68F2827B7A166008A20DF /* ChatApp */,
			);
		};
/* End PBXProject section */

/* Begin PBXResourcesBuildPhase section */
		6AE68F2727B7A166008A20DF /* Resources */ = {
			isa = PBXResourcesBuildPhase;
			buildActionMask = 2147483647;
			files = (
				6AE68F3927B7A167008A20DF /* LaunchScreen.storyboard in Resources */,
				6AE68F3627B7A167008A20DF /* Assets.xcassets in Resources */,
				6AE68F3427B7A166008A20DF /* Main.storyboard in Resources */,
			);
			runOnlyForDeploymentPostprocessing = 0;
		};
/* End PBXResourcesBuildPhase section */

/* Begin PBXSourcesBuildPhase section */
		6AE68F2527B7A166008A20DF /* Sources */ = {
			isa = PBXSourcesBuildPhase;
			buildActionMask = 2147483647;
			files = (
				6AE68F4927B7A724008A20DF /* LoginViewController.swift in Sources */,
				6AE68F4B27B7A737008A20DF /* RegisterViewController.swift in Sources */,
				6AE68F5127B7A7AF008A20DF /* NewConversationViewController.swift in Sources */,
				6AE68F2D27B7A166008A20DF /* AppDelegate.swift in Sources */,
				6AE68F4F27B7A777008A20DF /* VideoPlayerViewController.swift in Sources */,
				6AE68F4727B7A659008A20DF /* ConversationViewController.swift in Sources */,
				6AE68F5327B7A7EB008A20DF /* ProfileViewController.swift in Sources */,
				6AE68F2F27B7A166008A20DF /* SceneDelegate.swift in Sources */,
				6AE68F4D27B7A760008A20DF /* PhotoViewerViewController.swift in Sources */,
			);
			runOnlyForDeploymentPostprocessing = 0;
		};
/* End PBXSourcesBuildPhase section */

/* Begin PBXVariantGroup section */
		6AE68F3227B7A166008A20DF /* Main.storyboard */ = {
			isa = PBXVariantGroup;
			children = (
				6AE68F3327B7A166008A20DF /* Base */,
			);
			name = Main.storyboard;
			sourceTree = "<group>";
		};
		6AE68F3727B7A167008A20DF /* LaunchScreen.storyboard */ = {
			isa = PBXVariantGroup;
			children = (
				6AE68F3827B7A167008A20DF /* Base */,
			);
			name = LaunchScreen.storyboard;
			sourceTree = "<group>";
		};
/* End PBXVariantGroup section */

/* Begin XCBuildConfiguration section */
		6AE68F3B27B7A167008A20DF /* Debug */ = {
			isa = XCBuildConfiguration;
			buildSettings = {
				ALWAYS_SEARCH_USER_PATHS = NO;
				CLANG_ANALYZER_NONNULL = YES;
				CLANG_ANALYZER_NUMBER_OBJECT_CONVERSION = YES_AGGRESSIVE;
				CLANG_CXX_LANGUAGE_STANDARD = "gnu++17";
				CLANG_CXX_LIBRARY = "libc++";
				CLANG_ENABLE_MODULES = YES;
				CLANG_ENABLE_OBJC_ARC = YES;
				CLANG_ENABLE_OBJC_WEAK = YES;
				CLANG_WARN_BLOCK_CAPTURE_AUTORELEASING = YES;
				CLANG_WARN_BOOL_CONVERSION = YES;
				CLANG_WARN_COMMA = YES;
				CLANG_WARN_CONSTANT_CONVERSION = YES;
				CLANG_WARN_DEPRECATED_OBJC_IMPLEMENTATIONS = YES;
				CLANG_WARN_DIRECT_OBJC_ISA_USAGE = YES_ERROR;
				CLANG_WARN_DOCUMENTATION_COMMENTS = YES;
				CLANG_WARN_EMPTY_BODY = YES;
				CLANG_WARN_ENUM_CONVERSION = YES;
				CLANG_WARN_INFINITE_RECURSION = YES;
				CLANG_WARN_INT_CONVERSION = YES;
				CLANG_WARN_NON_LITERAL_NULL_CONVERSION = YES;
				CLANG_WARN_OBJC_IMPLICIT_RETAIN_SELF = YES;
				CLANG_WARN_OBJC_LITERAL_CONVERSION = YES;
				CLANG_WARN_OBJC_ROOT_CLASS = YES_ERROR;
				CLANG_WARN_QUOTED_INCLUDE_IN_FRAMEWORK_HEADER = YES;
				CLANG_WARN_RANGE_LOOP_ANALYSIS = YES;
				CLANG_WARN_STRICT_PROTOTYPES = YES;
				CLANG_WARN_SUSPICIOUS_MOVE = YES;
				CLANG_WARN_UNGUARDED_AVAILABILITY = YES_AGGRESSIVE;
				CLANG_WARN_UNREACHABLE_CODE = YES;
				CLANG_WARN__DUPLICATE_METHOD_MATCH = YES;
				COPY_PHASE_STRIP = NO;
				DEBUG_INFORMATION_FORMAT = dwarf;
				ENABLE_STRICT_OBJC_MSGSEND = YES;
				ENABLE_TESTABILITY = YES;
				GCC_C_LANGUAGE_STANDARD = gnu11;
				GCC_DYNAMIC_NO_PIC = NO;
				GCC_NO_COMMON_BLOCKS = YES;
				GCC_OPTIMIZATION_LEVEL = 0;
				GCC_PREPROCESSOR_DEFINITIONS = (
					"DEBUG=1",
					"$(inherited)",
				);
				GCC_WARN_64_TO_32_BIT_CONVERSION = YES;
				GCC_WARN_ABOUT_RETURN_TYPE = YES_ERROR;
				GCC_WARN_UNDECLARED_SELECTOR = YES;
				GCC_WARN_UNINITIALIZED_AUTOS = YES_AGGRESSIVE;
				GCC_WARN_UNUSED_FUNCTION = YES;
				GCC_WARN_UNUSED_VARIABLE = YES;
				IPHONEOS_DEPLOYMENT_TARGET = 14.5;
				MTL_ENABLE_DEBUG_INFO = INCLUDE_SOURCE;
				MTL_FAST_MATH = YES;
				ONLY_ACTIVE_ARCH = YES;
				SDKROOT = iphoneos;
				SWIFT_ACTIVE_COMPILATION_CONDITIONS = DEBUG;
				SWIFT_OPTIMIZATION_LEVEL = "-Onone";
			};
			name = Debug;
		};
		6AE68F3C27B7A167008A20DF /* Release */ = {
			isa = XCBuildConfiguration;
			buildSettings = {
				ALWAYS_SEARCH_USER_PATHS = NO;
				CLANG_ANALYZER_NONNULL = YES;
				CLANG_ANALYZER_NUMBER_OBJECT_CONVERSION = YES_AGGRESSIVE;
				CLANG_CXX_LANGUAGE_STANDARD = "gnu++17";
				CLANG_CXX_LIBRARY = "libc++";
				CLANG_ENABLE_MODULES = YES;
				CLANG_ENABLE_OBJC_ARC = YES;
				CLANG_ENABLE_OBJC_WEAK = YES;
				CLANG_WARN_BLOCK_CAPTURE_AUTORELEASING = YES;
				CLANG_WARN_BOOL_CONVERSION = YES;
				CLANG_WARN_COMMA = YES;
				CLANG_WARN_CONSTANT_CONVERSION = YES;
				CLANG_WARN_DEPRECATED_OBJC_IMPLEMENTATIONS = YES;
				CLANG_WARN_DIRECT_OBJC_ISA_USAGE = YES_ERROR;
				CLANG_WARN_DOCUMENTATION_COMMENTS = YES;
				CLANG_WARN_EMPTY_BODY = YES;
				CLANG_WARN_ENUM_CONVERSION = YES;
				CLANG_WARN_INFINITE_RECURSION = YES;
				CLANG_WARN_INT_CONVERSION = YES;
				CLANG_WARN_NON_LITERAL_NULL_CONVERSION = YES;
				CLANG_WARN_OBJC_IMPLICIT_RETAIN_SELF = YES;
				CLANG_WARN_OBJC_LITERAL_CONVERSION = YES;
				CLANG_WARN_OBJC_ROOT_CLASS = YES_ERROR;
				CLANG_WARN_QUOTED_INCLUDE_IN_FRAMEWORK_HEADER = YES;
				CLANG_WARN_RANGE_LOOP_ANALYSIS = YES;
				CLANG_WARN_STRICT_PROTOTYPES = YES;
				CLANG_WARN_SUSPICIOUS_MOVE = YES;
				CLANG_WARN_UNGUARDED_AVAILABILITY = YES_AGGRESSIVE;
				CLANG_WARN_UNREACHABLE_CODE = YES;
				CLANG_WARN__DUPLICATE_METHOD_MATCH = YES;
				COPY_PHASE_STRIP = NO;
				DEBUG_INFORMATION_FORMAT = "dwarf-with-dsym";
				ENABLE_NS_ASSERTIONS = NO;
				ENABLE_STRICT_OBJC_MSGSEND = YES;
				GCC_C_LANGUAGE_STANDARD = gnu11;
				GCC_NO_COMMON_BLOCKS = YES;
				GCC_WARN_64_TO_32_BIT_CONVERSION = YES;
				GCC_WARN_ABOUT_RETURN_TYPE = YES_ERROR;
				GCC_WARN_UNDECLARED_SELECTOR = YES;
				GCC_WARN_UNINITIALIZED_AUTOS = YES_AGGRESSIVE;
				GCC_WARN_UNUSED_FUNCTION = YES;
				GCC_WARN_UNUSED_VARIABLE = YES;
				IPHONEOS_DEPLOYMENT_TARGET = 14.5;
				MTL_ENABLE_DEBUG_INFO = NO;
				MTL_FAST_MATH = YES;
				SDKROOT = iphoneos;
				SWIFT_COMPILATION_MODE = wholemodule;
				SWIFT_OPTIMIZATION_LEVEL = "-O";
				VALIDATE_PRODUCT = YES;
			};
			name = Release;
		};
		6AE68F3E27B7A167008A20DF /* Debug */ = {
			isa = XCBuildConfiguration;
			buildSettings = {
				ASSETCATALOG_COMPILER_APPICON_NAME = AppIcon;
				ASSETCATALOG_COMPILER_GLOBAL_ACCENT_COLOR_NAME = AccentColor;
				CODE_SIGN_STYLE = Automatic;
				CURRENT_PROJECT_VERSION = 1;
				DEVELOPMENT_TEAM = 64WAG22Y2J;
				GENERATE_INFOPLIST_FILE = YES;
				INFOPLIST_FILE = ChatApp/Info.plist;
				INFOPLIST_KEY_UIApplicationSupportsIndirectInputEvents = YES;
				INFOPLIST_KEY_UILaunchStoryboardName = LaunchScreen;
				INFOPLIST_KEY_UIMainStoryboardFile = Main;
				INFOPLIST_KEY_UISupportedInterfaceOrientations = UIInterfaceOrientationPortrait;
				INFOPLIST_KEY_UISupportedInterfaceOrientations_iPad = "UIInterfaceOrientationPortrait UIInterfaceOrientationPortraitUpsideDown UIInterfaceOrientationLandscapeLeft UIInterfaceOrientationLandscapeRight";
				INFOPLIST_KEY_UISupportedInterfaceOrientations_iPhone = "UIInterfaceOrientationPortrait UIInterfaceOrientationLandscapeLeft UIInterfaceOrientationLandscapeRight";
				IPHONEOS_DEPLOYMENT_TARGET = 14.5;
				LD_RUNPATH_SEARCH_PATHS = (
					"$(inherited)",
					"@executable_path/Frameworks",
				);
				MARKETING_VERSION = 1.0;
				PRODUCT_BUNDLE_IDENTIFIER = morgan.co.kr.ChatApp;
				PRODUCT_NAME = "$(TARGET_NAME)";
				SWIFT_EMIT_LOC_STRINGS = YES;
				SWIFT_VERSION = 5.0;
				TARGETED_DEVICE_FAMILY = "1,2";
			};
			name = Debug;
		};
		6AE68F3F27B7A167008A20DF /* Release */ = {
			isa = XCBuildConfiguration;
			buildSettings = {
				ASSETCATALOG_COMPILER_APPICON_NAME = AppIcon;
				ASSETCATALOG_COMPILER_GLOBAL_ACCENT_COLOR_NAME = AccentColor;
				CODE_SIGN_STYLE = Automatic;
				CURRENT_PROJECT_VERSION = 1;
				DEVELOPMENT_TEAM = 64WAG22Y2J;
				GENERATE_INFOPLIST_FILE = YES;
				INFOPLIST_FILE = ChatApp/Info.plist;
				INFOPLIST_KEY_UIApplicationSupportsIndirectInputEvents = YES;
				INFOPLIST_KEY_UILaunchStoryboardName = LaunchScreen;
				INFOPLIST_KEY_UIMainStoryboardFile = Main;
				INFOPLIST_KEY_UISupportedInterfaceOrientations = UIInterfaceOrientationPortrait;
				INFOPLIST_KEY_UISupportedInterfaceOrientations_iPad = "UIInterfaceOrientationPortrait UIInterfaceOrientationPortraitUpsideDown UIInterfaceOrientationLandscapeLeft UIInterfaceOrientationLandscapeRight";
				INFOPLIST_KEY_UISupportedInterfaceOrientations_iPhone = "UIInterfaceOrientationPortrait UIInterfaceOrientationLandscapeLeft UIInterfaceOrientationLandscapeRight";
				IPHONEOS_DEPLOYMENT_TARGET = 14.5;
				LD_RUNPATH_SEARCH_PATHS = (
					"$(inherited)",
					"@executable_path/Frameworks",
				);
				MARKETING_VERSION = 1.0;
				PRODUCT_BUNDLE_IDENTIFIER = morgan.co.kr.ChatApp;
				PRODUCT_NAME = "$(TARGET_NAME)";
				SWIFT_EMIT_LOC_STRINGS = YES;
				SWIFT_VERSION = 5.0;
				TARGETED_DEVICE_FAMILY = "1,2";
			};
			name = Release;
		};
/* End XCBuildConfiguration section */

/* Begin XCConfigurationList section */
		6AE68F2427B7A166008A20DF /* Build configuration list for PBXProject "ChatApp" */ = {
			isa = XCConfigurationList;
			buildConfigurations = (
				6AE68F3B27B7A167008A20DF /* Debug */,
				6AE68F3C27B7A167008A20DF /* Release */,
			);
			defaultConfigurationIsVisible = 0;
			defaultConfigurationName = Release;
		};
		6AE68F3D27B7A167008A20DF /* Build configuration list for PBXNativeTarget "ChatApp" */ = {
			isa = XCConfigurationList;
			buildConfigurations = (
				6AE68F3E27B7A167008A20DF /* Debug */,
				6AE68F3F27B7A167008A20DF /* Release */,
			);
			defaultConfigurationIsVisible = 0;
			defaultConfigurationName = Release;
		};
/* End XCConfigurationList section */
	};
	rootObject = 6AE68F2127B7A166008A20DF /* Project object */;
}
